{
    "_meta": {
        "hash": {
            "sha256": "4b73bbe3d5933f6723891e44bbf53c4cb087d38dc958e949e8d253f72e37a595"
        },
        "pipfile-spec": 6,
        "requires": {
            "python_version": "3.7"
        },
        "sources": [
            {
                "name": "pypi",
                "url": "https://pypi.org/simple",
                "verify_ssl": true
            }
        ]
    },
    "default": {
        "certifi": {
            "hashes": [
                "sha256:017c25db2a153ce562900032d5bc68e9f191e44e9a0f762f373977de9df1fbb3",
                "sha256:25b64c7da4cd7479594d035c08c2d809eb4aab3a26e5a990ea98cc450c320f1f"
            ],
            "version": "==2019.11.28"
        },
        "cffi": {
            "hashes": [
                "sha256:001bf3242a1bb04d985d63e138230802c6c8d4db3668fb545fb5005ddf5bb5ff",
                "sha256:00789914be39dffba161cfc5be31b55775de5ba2235fe49aa28c148236c4e06b",
                "sha256:028a579fc9aed3af38f4892bdcc7390508adabc30c6af4a6e4f611b0c680e6ac",
                "sha256:14491a910663bf9f13ddf2bc8f60562d6bc5315c1f09c704937ef17293fb85b0",
                "sha256:1cae98a7054b5c9391eb3249b86e0e99ab1e02bb0cc0575da191aedadbdf4384",
                "sha256:2089ed025da3919d2e75a4d963d008330c96751127dd6f73c8dc0c65041b4c26",
                "sha256:2d384f4a127a15ba701207f7639d94106693b6cd64173d6c8988e2c25f3ac2b6",
                "sha256:337d448e5a725bba2d8293c48d9353fc68d0e9e4088d62a9571def317797522b",
                "sha256:399aed636c7d3749bbed55bc907c3288cb43c65c4389964ad5ff849b6370603e",
                "sha256:3b911c2dbd4f423b4c4fcca138cadde747abdb20d196c4a48708b8a2d32b16dd",
                "sha256:3d311bcc4a41408cf5854f06ef2c5cab88f9fded37a3b95936c9879c1640d4c2",
                "sha256:62ae9af2d069ea2698bf536dcfe1e4eed9090211dbaafeeedf5cb6c41b352f66",
                "sha256:66e41db66b47d0d8672d8ed2708ba91b2f2524ece3dee48b5dfb36be8c2f21dc",
                "sha256:675686925a9fb403edba0114db74e741d8181683dcf216be697d208857e04ca8",
                "sha256:7e63cbcf2429a8dbfe48dcc2322d5f2220b77b2e17b7ba023d6166d84655da55",
                "sha256:8a6c688fefb4e1cd56feb6c511984a6c4f7ec7d2a1ff31a10254f3c817054ae4",
                "sha256:8c0ffc886aea5df6a1762d0019e9cb05f825d0eec1f520c51be9d198701daee5",
                "sha256:95cd16d3dee553f882540c1ffe331d085c9e629499ceadfbda4d4fde635f4b7d",
                "sha256:99f748a7e71ff382613b4e1acc0ac83bf7ad167fb3802e35e90d9763daba4d78",
                "sha256:b8c78301cefcf5fd914aad35d3c04c2b21ce8629b5e4f4e45ae6812e461910fa",
                "sha256:c420917b188a5582a56d8b93bdd8e0f6eca08c84ff623a4c16e809152cd35793",
                "sha256:c43866529f2f06fe0edc6246eb4faa34f03fe88b64a0a9a942561c8e22f4b71f",
                "sha256:cab50b8c2250b46fe738c77dbd25ce017d5e6fb35d3407606e7a4180656a5a6a",
                "sha256:cef128cb4d5e0b3493f058f10ce32365972c554572ff821e175dbc6f8ff6924f",
                "sha256:cf16e3cf6c0a5fdd9bc10c21687e19d29ad1fe863372b5543deaec1039581a30",
                "sha256:e56c744aa6ff427a607763346e4170629caf7e48ead6921745986db3692f987f",
                "sha256:e577934fc5f8779c554639376beeaa5657d54349096ef24abe8c74c5d9c117c3",
                "sha256:f2b0fa0c01d8a0c7483afd9f31d7ecf2d71760ca24499c8697aeb5ca37dc090c"
            ],
            "version": "==1.14.0"
        },
        "chardet": {
            "hashes": [
                "sha256:84ab92ed1c4d4f16916e05906b6b75a6c0fb5db821cc65e70cbd64a3e2a5eaae",
                "sha256:fc323ffcaeaed0e0a02bf4d117757b98aed530d9ed4531e3e15460124c106691"
            ],
            "version": "==3.0.4"
        },
        "cryptography": {
            "hashes": [
                "sha256:02079a6addc7b5140ba0825f542c0869ff4df9a69c360e339ecead5baefa843c",
                "sha256:1df22371fbf2004c6f64e927668734070a8953362cd8370ddd336774d6743595",
                "sha256:369d2346db5934345787451504853ad9d342d7f721ae82d098083e1f49a582ad",
                "sha256:3cda1f0ed8747339bbdf71b9f38ca74c7b592f24f65cdb3ab3765e4b02871651",
                "sha256:44ff04138935882fef7c686878e1c8fd80a723161ad6a98da31e14b7553170c2",
                "sha256:4b1030728872c59687badcca1e225a9103440e467c17d6d1730ab3d2d64bfeff",
                "sha256:58363dbd966afb4f89b3b11dfb8ff200058fbc3b947507675c19ceb46104b48d",
                "sha256:6ec280fb24d27e3d97aa731e16207d58bd8ae94ef6eab97249a2afe4ba643d42",
                "sha256:7270a6c29199adc1297776937a05b59720e8a782531f1f122f2eb8467f9aab4d",
                "sha256:73fd30c57fa2d0a1d7a49c561c40c2f79c7d6c374cc7750e9ac7c99176f6428e",
                "sha256:7f09806ed4fbea8f51585231ba742b58cbcfbfe823ea197d8c89a5e433c7e912",
                "sha256:90df0cc93e1f8d2fba8365fb59a858f51a11a394d64dbf3ef844f783844cc793",
                "sha256:971221ed40f058f5662a604bd1ae6e4521d84e6cad0b7b170564cc34169c8f13",
                "sha256:a518c153a2b5ed6b8cc03f7ae79d5ffad7315ad4569b2d5333a13c38d64bd8d7",
                "sha256:b0de590a8b0979649ebeef8bb9f54394d3a41f66c5584fff4220901739b6b2f0",
                "sha256:b43f53f29816ba1db8525f006fa6f49292e9b029554b3eb56a189a70f2a40879",
                "sha256:d31402aad60ed889c7e57934a03477b572a03af7794fa8fb1780f21ea8f6551f",
                "sha256:de96157ec73458a7f14e3d26f17f8128c959084931e8997b9e655a39c8fde9f9",
                "sha256:df6b4dca2e11865e6cfbfb708e800efb18370f5a46fd601d3755bc7f85b3a8a2",
                "sha256:ecadccc7ba52193963c0475ac9f6fa28ac01e01349a2ca48509667ef41ffd2cf",
                "sha256:fb81c17e0ebe3358486cd8cc3ad78adbae58af12fc2bf2bc0bb84e8090fa5ce8"
            ],
            "index": "pypi",
            "version": "==2.8"
        },
        "idna": {
            "hashes": [
                "sha256:7588d1c14ae4c77d74036e8c22ff447b26d0fde8f007354fd48a7814db15b7cb",
                "sha256:a068a21ceac8a4d63dbfd964670474107f541babbd2250d61922f029858365fa"
            ],
            "version": "==2.9"
        },
        "numpy": {
            "hashes": [
                "sha256:1786a08236f2c92ae0e70423c45e1e62788ed33028f94ca99c4df03f5be6b3c6",
                "sha256:17aa7a81fe7599a10f2b7d95856dc5cf84a4eefa45bc96123cbbc3ebc568994e",
                "sha256:20b26aaa5b3da029942cdcce719b363dbe58696ad182aff0e5dcb1687ec946dc",
                "sha256:2d75908ab3ced4223ccba595b48e538afa5ecc37405923d1fea6906d7c3a50bc",
                "sha256:39d2c685af15d3ce682c99ce5925cc66efc824652e10990d2462dfe9b8918c6a",
                "sha256:56bc8ded6fcd9adea90f65377438f9fea8c05fcf7c5ba766bef258d0da1554aa",
                "sha256:590355aeade1a2eaba17617c19edccb7db8d78760175256e3cf94590a1a964f3",
                "sha256:70a840a26f4e61defa7bdf811d7498a284ced303dfbc35acb7be12a39b2aa121",
                "sha256:77c3bfe65d8560487052ad55c6998a04b654c2fbc36d546aef2b2e511e760971",
                "sha256:9537eecf179f566fd1c160a2e912ca0b8e02d773af0a7a1120ad4f7507cd0d26",
                "sha256:9acdf933c1fd263c513a2df3dceecea6f3ff4419d80bf238510976bf9bcb26cd",
                "sha256:ae0975f42ab1f28364dcda3dde3cf6c1ddab3e1d4b2909da0cb0191fa9ca0480",
                "sha256:b3af02ecc999c8003e538e60c89a2b37646b39b688d4e44d7373e11c2debabec",
                "sha256:b6ff59cee96b454516e47e7721098e6ceebef435e3e21ac2d6c3b8b02628eb77",
                "sha256:b765ed3930b92812aa698a455847141869ef755a87e099fddd4ccf9d81fffb57",
                "sha256:c98c5ffd7d41611407a1103ae11c8b634ad6a43606eca3e2a5a269e5d6e8eb07",
                "sha256:cf7eb6b1025d3e169989416b1adcd676624c2dbed9e3bcb7137f51bfc8cc2572",
                "sha256:d92350c22b150c1cae7ebb0ee8b5670cc84848f6359cf6b5d8f86617098a9b73",
                "sha256:e422c3152921cece8b6a2fb6b0b4d73b6579bd20ae075e7d15143e711f3ca2ca",
                "sha256:e840f552a509e3380b0f0ec977e8124d0dc34dc0e68289ca28f4d7c1d0d79474",
                "sha256:f3d0a94ad151870978fb93538e95411c83899c9dc63e6fb65542f769568ecfa5"
            ],
            "index": "pypi",
            "version": "==1.18.1"
        },
        "opencv-contrib-python-headless": {
            "hashes": [
                "sha256:0a4028fcfeeb015d6c9ed42b99bfe47278742ab801864f3e5c7d7fac3cf5f39a",
                "sha256:26dcc750ab78ed0e42f7cfb08c61d99fb1be406279e3c78a3bbb30a42ec1f5a3",
                "sha256:2790a1cdd03b2016647836e70918a7b2adcffdfac5602ffd36f8ed1c9fa72510",
                "sha256:27fb70483c5d557b58f4389b7549f7a52762f504974bccf0da3eab770603b0ca",
                "sha256:2adfa38368c0247736a135aafcb80d30fe1ba5b661a1016f7e0cdbefae1a22ca",
                "sha256:39e020d84524e610c5d53de9120054a51013c3c210f55815784e188d252167ca",
                "sha256:3af42680424f97f71462924073e2378ba266be256bd52e401b77ed282c7e636e",
                "sha256:3ce51c1a0ed90edf0179a58f337e9c060ac55eaf55cb85563dbe62b33536e6b2",
                "sha256:43a96845abbd7d02a852c161dad607b6dcdf6af72722c48c3f08ff38d00c7aeb",
                "sha256:534d1662e8f213c95fb675b9ae8ea3cb5c86a92b5b07daec0f6944a9cc4270e6",
                "sha256:5b098a6938e8f3a13f29befdd89b0f691c83ac36886efd422dcbc539587a9aaf",
                "sha256:5c65acf28a111ee38025a4b1dbd33af61ce94c579722fdfe13fc26de853fc670",
                "sha256:5fe0d5c2e36d4e36ce0e372b2aed232d57483c85ddc7b4435338fe0406d1fad0",
                "sha256:6b1759e5e6ed459f5bfeb1094e8f7a1fe941b6d53a473c42bd057682fce9c9bd",
                "sha256:72f5a0166b5404d8972dced9dd336eac53bd1eaf121a39a5ea6dba3f1fce934a",
                "sha256:7f6df41ff1616c50988bc8df40399acd62b7b16c8b84bae4c42e44be9bcfb6f5",
                "sha256:81445f65c29a1bd3dced6ecb1158d3ed652cf59c3586de47d5a05bee7327be1a",
                "sha256:a1db72a542ebc45f25b042a335e50940e5f82ece922d0c37957cf91cf6c0632d",
                "sha256:a531bb9c3a8900fe8f22a5697ddb5655d4fcee2bfe73516729fab54068c83987",
                "sha256:b3217143b1f9803a3afdc74353f9ce9e5e304844600d9412544efe4748f46129",
                "sha256:b65612d35e178c0295d0a1b6e2dca5e30a1823a29d74aaa845ba770e1bfda8dc",
                "sha256:be0253cf93e1cb99318bc423d4b33789acbe8105b2f004d39bda1076bfff6712",
                "sha256:c7df23a583fc2b21faa3f083ea3dac66624b6aef2219b14306d6ca477aaa1421",
                "sha256:c7eebc317a4cc3853d3ca40c732f35e5b74d3083783298f56b6750191770c9c7",
                "sha256:ca3dcc46b7bdb076ddd87aa5fd611de38d8006c64d34c5fcf6ffc42467e0f341",
                "sha256:d1cc8200b6ec00b37a6d5b89d2d80b69416bc1894dbda508a6a869fa74e63a20",
                "sha256:dfcfabb2a5590606b2b1e4270bcde2b0ed32e3d0ecd6c5e56131a2125795ec3e"
            ],
            "index": "pypi",
            "version": "==4.2.0.32"
        },
        "opencv-python-headless": {
            "hashes": [
                "sha256:105fe1dc648047c23b1a88c168a42e2760d3bb2c8294b36dd374f1a904d6e8a3",
                "sha256:107331e70a352464e9e68ba917cec636b857c8c1332a6444d8df39f1e06c3c4f",
                "sha256:134b7184edb06693d2d8987ff6d0216b76ac0ed066ae167cd1897e1b4377fdc2",
                "sha256:1493eba327ea9943f93b53393afd335ee23ea898d607873adc6b1ecd96db17d4",
                "sha256:20cfc4bdf5aabb2a5060101d057e3550f64df7cf3e7d26551fa2f54fbdcdd060",
                "sha256:29b560628b1a166cac88dc277e938b6791f8650c7e405b95fd4de8b9abff31e6",
                "sha256:2c26456369e127aa507ed5af8cb0f08e2de4c2a60b231d1bea03f0c36094ec56",
                "sha256:323a49938fdc878c85371c546127e973757b03fcf2acd62a103709085752315d",
                "sha256:37f9b704338ab99ed1cd4179da12d6b39e7ca60aa197dd330f71ed1454ba0ea3",
                "sha256:3c8a26dcaaaf15f36c170639bd539ffebc957f95995705537e69bfd92765c912",
                "sha256:59a259edddf765cd0af91aaa9e9d7fe7648570d7923539b3a85c703026615236",
                "sha256:60afa5e201324d0313ba4425ce812789e9889abfc35d85c6b09426093fbc5a09",
                "sha256:76cffdc6cb530fe244c89e9bd7b23a8d2761bd54a3eb44713df9fc3dfee8f544",
                "sha256:7f1c0d3f8bb560c23446fee81421435904610133d9cfe8c8e245392a80139812",
                "sha256:84d247193d977bc059ac1524113c44f197c51122e0a4efba3b85380c51533040",
                "sha256:8f817b4ec0399e3ee82db8707e6b6a31cbdfe84bbbe669f946c75aed7c678acc",
                "sha256:95b06780225eed3a00a59ddce05c8c7d16aa3d8d0b0d8484a3a6089fc84af5a8",
                "sha256:9e80919dd00805ba4bffe175107391da1024fe303c82c271704a77b793cd654e",
                "sha256:b44fd3d66a3d1adaf9f49cc99a05f012df98ef79e42e5971bb960b2b81e2742e",
                "sha256:b4549c71277e2cc427cc32fbec6cb2dd92f0f839467cdb22381b4e5b0e53f35c",
                "sha256:b64449744aed7c3072235bdaf06289b36e0e65bcde7834c951a912f79a44e564",
                "sha256:c2b6c26b3e44e1890c5517d58e8b953e827ee10048bcdfd5dba94b0b74105fa1",
                "sha256:c8f6fe6e81b0c0fd058dcf24b12d3632152de334afa290fd63f30afe30c8713a",
                "sha256:d5cbab84f9ae346cbd1d16b5906e34e5bdd17e4a8d9e213599a24a510a82de94",
                "sha256:d86e654b6dd99d5e2f9e3b505a2252161a0b44e7e60a62cbe364f9d8de32ab36",
                "sha256:de4fc34bc4f3a93f079005cdd51db4f59fbecf72463514a6a73fdfd29bc8e777",
                "sha256:f3e418b9480f2e167ea5a800a0375e424f15d345a0a15c638f66b6f3bb6a7796"
            ],
            "index": "pypi",
            "version": "==4.2.0.32"
        },
        "pycparser": {
            "hashes": [
                "sha256:2d475327684562c3a96cc71adf7dc8c4f0565175cf86b6d7a404ff4c771f15f0",
                "sha256:7582ad22678f0fcd81102833f60ef8d0e57288b6b5fb00323d101be910e35705"
            ],
            "version": "==2.20"
        },
        "pyjwt": {
            "hashes": [
                "sha256:5c6eca3c2940464d106b99ba83b00c6add741c9becaec087fb7ccdefea71350e",
                "sha256:8d59a976fb773f3e6a39c85636357c4f0e242707394cadadd9814f5cbaa20e96"
            ],
            "index": "pypi",
            "version": "==1.7.1"
        },
        "requests": {
            "hashes": [
                "sha256:43999036bfa82904b6af1d99e4882b560e5e2c68e5c4b0aa03b655f3d7d73fee",
                "sha256:b3f43d496c6daba4493e7c431722aeb7dbc6288f52a6e04e7b6023b0247817e6"
            ],
            "index": "pypi",
            "version": "==2.23.0"
        },
        "six": {
            "hashes": [
                "sha256:236bdbdce46e6e6a3d61a337c0f8b763ca1e8717c03b369e87a7ec7ce1319c0a",
                "sha256:8f3cd2e254d8f793e7f3d6d9df77b92252b52637291d0f0da013c76ea2724b6c"
            ],
            "version": "==1.14.0"
        },
        "urllib3": {
            "hashes": [
                "sha256:2f3db8b19923a873b3e5256dc9c2dedfa883e33d87c690d9c7913e1f40673cdc",
                "sha256:87716c2d2a7121198ebcb7ce7cccf6ce5e9ba539041cfbaeecfb641dc0bf6acc"
            ],
            "version": "==1.25.8"
        }
    },
    "develop": {
        "autopep8": {
            "hashes": [
                "sha256:0f592a0447acea0c2b0a9602be1e4e3d86db52badd2e3c84f0193bfd89fd3a43"
            ],
            "index": "pypi",
            "version": "==1.5"
        },
        "pycodestyle": {
            "hashes": [
                "sha256:95a2219d12372f05704562a14ec30bc76b05a5b297b21a5dfe3f6fac3491ae56",
                "sha256:e40a936c9a450ad81df37f549d676d127b1b66000a6c500caa2b085bc0ca976c"
            ],
            "version": "==2.5.0"
        }
    }
}
